
Microsoft Visual Studio Solution File, Format Version 12.00
# Visual Studio Version 17
VisualStudioVersion = 17.5.002.0
MinimumVisualStudioVersion = 10.0.40219.1
Project("{9A19103F-16F7-4668-BE54-9A1E7A4F7556}") = "Projeto01.API", "Projeto01.API.csproj", "{885D1065-DE54-433A-A3FA-2198BC4A89B0}"
EndProject
Global
	GlobalSection(SolutionConfigurationPlatforms) = preSolution
		Debug|Any CPU = Debug|Any CPU
		Release|Any CPU = Release|Any CPU
	EndGlobalSection
	GlobalSection(ProjectConfigurationPlatforms) = postSolution
		{885D1065-DE54-433A-A3FA-2198BC4A89B0}.Debug|Any CPU.ActiveCfg = Debug|Any CPU
		{885D1065-DE54-433A-A3FA-2198BC4A89B0}.Debug|Any CPU.Build.0 = Debug|Any CPU
		{885D1065-DE54-433A-A3FA-2198BC4A89B0}.Release|Any CPU.ActiveCfg = Release|Any CPU
		{885D1065-DE54-433A-A3FA-2198BC4A89B0}.Release|Any CPU.Build.0 = Release|Any CPU
	EndGlobalSection
	GlobalSection(SolutionProperties) = preSolution
		HideSolutionNode = FALSE
	EndGlobalSection
	GlobalSection(ExtensibilityGlobals) = postSolution
		SolutionGuid = {64067D16-2144-4BD5-8189-12C611204F7D}
	EndGlobalSection
EndGlobal
